
Microsoft Visual Studio Solution File, Format Version 12.00
# Visual Studio Version 16
VisualStudioVersion = 16.0.30204.135
MinimumVisualStudioVersion = 10.0.40219.1
Project("{9A19103F-16F7-4668-BE54-9A1E7A4F7556}") = "Data.Models", "Data\Data.Models\Data.Models.csproj", "{5F6F764B-AC37-4544-94C8-42A0542810B6}"
EndProject
Project("{9A19103F-16F7-4668-BE54-9A1E7A4F7556}") = "Data.DataConnection", "Data\Data.DataConnection\Data.DataConnection.csproj", "{01E5B0B8-9FF3-477C-9138-300DEB03AEDD}"
EndProject
Project("{FAE04EC0-301F-11D3-BF4B-00C04F79EFBC}") = "LibraryAPI", "LibraryAPI\LibraryAPI.csproj", "{A1C81ECA-CB17-439C-A4F1-C106317744D9}"
EndProject
Global
	GlobalSection(SolutionConfigurationPlatforms) = preSolution
		Debug|Any CPU = Debug|Any CPU
		Release|Any CPU = Release|Any CPU
	EndGlobalSection
	GlobalSection(ProjectConfigurationPlatforms) = postSolution
		{5F6F764B-AC37-4544-94C8-42A0542810B6}.Debug|Any CPU.ActiveCfg = Debug|Any CPU
		{5F6F764B-AC37-4544-94C8-42A0542810B6}.Debug|Any CPU.Build.0 = Debug|Any CPU
		{5F6F764B-AC37-4544-94C8-42A0542810B6}.Release|Any CPU.ActiveCfg = Release|Any CPU
		{5F6F764B-AC37-4544-94C8-42A0542810B6}.Release|Any CPU.Build.0 = Release|Any CPU
		{01E5B0B8-9FF3-477C-9138-300DEB03AEDD}.Debug|Any CPU.ActiveCfg = Debug|Any CPU
		{01E5B0B8-9FF3-477C-9138-300DEB03AEDD}.Debug|Any CPU.Build.0 = Debug|Any CPU
		{01E5B0B8-9FF3-477C-9138-300DEB03AEDD}.Release|Any CPU.ActiveCfg = Release|Any CPU
		{01E5B0B8-9FF3-477C-9138-300DEB03AEDD}.Release|Any CPU.Build.0 = Release|Any CPU
		{A1C81ECA-CB17-439C-A4F1-C106317744D9}.Debug|Any CPU.ActiveCfg = Debug|Any CPU
		{A1C81ECA-CB17-439C-A4F1-C106317744D9}.Debug|Any CPU.Build.0 = Debug|Any CPU
		{A1C81ECA-CB17-439C-A4F1-C106317744D9}.Release|Any CPU.ActiveCfg = Release|Any CPU
		{A1C81ECA-CB17-439C-A4F1-C106317744D9}.Release|Any CPU.Build.0 = Release|Any CPU
	EndGlobalSection
	GlobalSection(SolutionProperties) = preSolution
		HideSolutionNode = FALSE
	EndGlobalSection
	GlobalSection(ExtensibilityGlobals) = postSolution
		SolutionGuid = {FAD0899E-7DEA-46D8-B9F8-589C9955818C}
	EndGlobalSection
EndGlobal
